github.com/go-audio/aiff v0.0.0-20180403003018-6c3a8a6aff12/go.mod h1:AMSAp6W1zd0koOdX6QDgGIuBDTUvLa2SLQtm7d9eM3c=
github.com/go-audio/audio v0.0.0-20180206231410-b697a35b5608 h1:PHEBf8t8q21RNXEBzgg15sqaX06CdG1kngmhX+NvQAI=
github.com/go-audio/audio v0.0.0-20180206231410-b697a35b5608/go.mod h1:6uAu0+H2lHkwdGsAY+j2wHPNPpPoeg5AaEFh9FlA+Zs=
github.com/go-audio/audio v0.0.0-20181013203223-7b2a6ca21480 h1:4sGU+UABMMsRJyD+Y2yzMYxq0GJFUsRRESI0P1gZ2ig=
github.com/go-audio/audio v0.0.0-20181013203223-7b2a6ca21480/go.mod h1:6uAu0+H2lHkwdGsAY+j2wHPNPpPoeg5AaEFh9FlA+Zs=
github.com/go-audio/wav v0.0.0-20181013172942-de841e69b884 h1:2TaXIaVA4ff/MHHezOj83tCypALTFAcXOImcFWNa3jw=
github.com/go-audio/wav v0.0.0-20181013172942-de841e69b884/go.mod h1:UiqzUyfX0zs3pJ/DPyvS5v8sN6s5bXPUDDIVA5v8dks=
github.com/icza/bitio v0.0.0-20180221120200-b25b30b42508 h1:2LdkN1icT8cEFyB95fUbPE0TmQL9ZOjUv9MNJ1kg3XE=
github.com/icza/bitio v0.0.0-20180221120200-b25b30b42508/go.mod h1:1+iKpsBoI5fsqBTrjxjM81vidVQcxXCmDrM9vc6EU2w=
github.com/icza/mighty v0.0.0-20180919140131-cfd07d671de6 h1:8UsGZ2rr2ksmEru6lToqnXgA8Mz1DP11X4zSJ159C3k=
github.com/icza/mighty v0.0.0-20180919140131-cfd07d671de6/go.mod h1:xQig96I1VNBDIWGCdTt54nHt6EeI639SmHycLYL7FkA=
github.com/mattetti/audio v0.0.0-20180912171649-01576cde1f21 h1:Hc1iKlyxNHp3CV59G2E/qabUkHvEwOIJxDK0CJ7CRjA=
github.com/mattetti/audio v0.0.0-20180912171649-01576cde1f21/go.mod h1:LlQmBGkOuV/SKzEDXBPKauvN2UqCgzXO2XjecTGj40s=
github.com/mewkiz/pkg v0.0.0-20190222151137-b7948a1ad1b1 h1:Ytib0leH10tNoS0kWrEaPGk6ioIGSntEsOP+6h9oMgY=
github.com/mewkiz/pkg v0.0.0-20190222151137-b7948a1ad1b1/go.mod h1:NefHmmDOyP6U1WiFFk+jFR3YdHoTeueo8nOZ6i1vZbA=
github.com/pkg/errors v0.8.1 h1:iURUrRGxPUNPdy5/HRSm+Yj6okJ6UtLINN0Q9M4+h3I=
github.com/pkg/errors v0.8.1/go.mod h1:bwawxfHBFNV+L2hUp1rHADufV3IMtnDRdf1r5NINEl0=
golang.org/x/image v0.0.0-20190220214146-31aff87c08e9/go.mod h1:kZ7UVZpmo3dzQBMxlp+ypCbDeSB+sBbTgSJuh5dn5js=
golang.org/x/net v0.0.0-20190213061140-3a22650c66bd/go.mod h1:mL1N/T3taQHkDXs73rZJwtUhF3w3ftmwwsq0BUmARs4=
golang.org/x/text v0.3.0/go.mod h1:NqM8EUOU14njkJ3fqMW+pc6Ldnwhi/IjpwHt7yyuwOQ=
